
Microsoft Visual Studio Solution File, Format Version 12.00
# Visual Studio Version 16
VisualStudioVersion = 16.0.31205.134
MinimumVisualStudioVersion = 10.0.40219.1
Project("{FAE04EC0-301F-11D3-BF4B-00C04F79EFBC}") = "Emilyn - Projeto de xadrez", "Emilyn - Projeto de xadrez\Emilyn - Projeto de xadrez.csproj", "{A716AE55-CA76-4259-9D55-B3A1C9233707}"
EndProject
Global
	GlobalSection(SolutionConfigurationPlatforms) = preSolution
		Debug|Any CPU = Debug|Any CPU
		Release|Any CPU = Release|Any CPU
	EndGlobalSection
	GlobalSection(ProjectConfigurationPlatforms) = postSolution
		{A716AE55-CA76-4259-9D55-B3A1C9233707}.Debug|Any CPU.ActiveCfg = Debug|Any CPU
		{A716AE55-CA76-4259-9D55-B3A1C9233707}.Debug|Any CPU.Build.0 = Debug|Any CPU
		{A716AE55-CA76-4259-9D55-B3A1C9233707}.Release|Any CPU.ActiveCfg = Release|Any CPU
		{A716AE55-CA76-4259-9D55-B3A1C9233707}.Release|Any CPU.Build.0 = Release|Any CPU
	EndGlobalSection
	GlobalSection(SolutionProperties) = preSolution
		HideSolutionNode = FALSE
	EndGlobalSection
	GlobalSection(ExtensibilityGlobals) = postSolution
		SolutionGuid = {22328F81-44A2-4CD5-8300-551D65B4E852}
	EndGlobalSection
EndGlobal
